<?xml version="1.0" encoding="utf-8"?>
<Project ToolsVersion="4.0" xmlns="http://schemas.microsoft.com/developer/msbuild/2003">
  <ItemGroup>
    <ClCompile Include="..\..\..\DirectX\DirectX 11\Frank D. Luna\UPDATED\Camera.cpp">
      <Filter>luna</Filter>
    </ClCompile>
    <ClCompile Include="..\..\..\DirectX\DirectX 11\Frank D. Luna\UPDATED\d3dApp.cpp">
      <Filter>luna</Filter>
    </ClCompile>
    <ClCompile Include="..\..\..\DirectX\DirectX 11\Frank D. Luna\UPDATED\d3dUtil.cpp">
      <Filter>luna</Filter>
    </ClCompile>
    <ClCompile Include="..\..\..\DirectX\DirectX 11\Frank D. Luna\UPDATED\DDSTextureLoader11.cpp">
      <Filter>luna</Filter>
    </ClCompile>
    <ClCompile Include="..\..\..\DirectX\DirectX 11\Frank D. Luna\UPDATED\dxerr.cpp">
      <Filter>luna</Filter>
    </ClCompile>
    <ClCompile Include="..\..\..\DirectX\DirectX 11\Frank D. Luna\UPDATED\DXUT.cpp">
      <Filter>luna</Filter>
    </ClCompile>
    <ClCompile Include="..\..\..\DirectX\DirectX 11\Frank D. Luna\UPDATED\DXUTDevice11.cpp">
      <Filter>luna</Filter>
    </ClCompile>
    <ClCompile Include="..\..\..\DirectX\DirectX 11\Frank D. Luna\UPDATED\DXUTmisc.cpp">
      <Filter>luna</Filter>
    </ClCompile>
    <ClCompile Include="src\Effects.cpp">
      <Filter>luna</Filter>
    </ClCompile>
    <ClCompile Include="..\..\..\DirectX\DirectX 11\Frank D. Luna\UPDATED\GameTimer.cpp">
      <Filter>luna</Filter>
    </ClCompile>
    <ClCompile Include="..\..\..\DirectX\DirectX 11\Frank D. Luna\UPDATED\GeometryGenerator.cpp">
      <Filter>luna</Filter>
    </ClCompile>
    <ClCompile Include="..\..\..\DirectX\DirectX 11\Frank D. Luna\UPDATED\LightHelper.cpp">
      <Filter>luna</Filter>
    </ClCompile>
    <ClCompile Include="..\..\..\DirectX\DirectX 11\Frank D. Luna\UPDATED\MathHelper.cpp">
      <Filter>luna</Filter>
    </ClCompile>
    <ClCompile Include="..\..\..\DirectX\DirectX 11\Frank D. Luna\UPDATED\ScreenGrab.cpp">
      <Filter>luna</Filter>
    </ClCompile>
    <ClCompile Include="..\..\..\DirectX\DirectX 11\Frank D. Luna\UPDATED\TextureMgr.cpp">
      <Filter>luna</Filter>
    </ClCompile>
    <ClCompile Include="src\Vertex.cpp">
      <Filter>luna</Filter>
    </ClCompile>
    <ClCompile Include="..\..\..\DirectX\DirectX 11\Frank D. Luna\UPDATED\Waves.cpp">
      <Filter>luna</Filter>
    </ClCompile>
    <ClCompile Include="src\main.cpp">
      <Filter>src</Filter>
    </ClCompile>
    <ClCompile Include="src\Prototype1App.cpp">
      <Filter>src</Filter>
    </ClCompile>
    <ClCompile Include="src\RenderStates.cpp">
      <Filter>luna</Filter>
    </ClCompile>
    <ClCompile Include="src\LoadingObject.cpp">
      <Filter>src</Filter>
    </ClCompile>
    <ClCompile Include="src\App_1.cpp">
      <Filter>src</Filter>
    </ClCompile>
    <ClCompile Include="src\Object.cpp">
      <Filter>src</Filter>
    </ClCompile>
  </ItemGroup>
  <ItemGroup>
    <ClInclude Include="..\..\..\DirectX\DirectX 11\Frank D. Luna\UPDATED\Camera.h">
      <Filter>luna</Filter>
    </ClInclude>
    <ClInclude Include="..\..\..\DirectX\DirectX 11\Frank D. Luna\UPDATED\d3dApp.h">
      <Filter>luna</Filter>
    </ClInclude>
    <ClInclude Include="..\..\..\DirectX\DirectX 11\Frank D. Luna\UPDATED\d3dUtil.h">
      <Filter>luna</Filter>
    </ClInclude>
    <ClInclude Include="..\..\..\DirectX\DirectX 11\Frank D. Luna\UPDATED\d3dx11effect.h">
      <Filter>luna</Filter>
    </ClInclude>
    <ClInclude Include="..\..\..\DirectX\DirectX 11\Frank D. Luna\UPDATED\DDSTextureLoader11.h">
      <Filter>luna</Filter>
    </ClInclude>
    <ClInclude Include="..\..\..\DirectX\DirectX 11\Frank D. Luna\UPDATED\dxerr.h">
      <Filter>luna</Filter>
    </ClInclude>
    <ClInclude Include="..\..\..\DirectX\DirectX 11\Frank D. Luna\UPDATED\DXUT.h">
      <Filter>luna</Filter>
    </ClInclude>
    <ClInclude Include="..\..\..\DirectX\DirectX 11\Frank D. Luna\UPDATED\DXUTDevice11.h">
      <Filter>luna</Filter>
    </ClInclude>
    <ClInclude Include="..\..\..\DirectX\DirectX 11\Frank D. Luna\UPDATED\DXUTmisc.h">
      <Filter>luna</Filter>
    </ClInclude>
    <ClInclude Include="src\Effects.h">
      <Filter>luna</Filter>
    </ClInclude>
    <ClInclude Include="..\..\..\DirectX\DirectX 11\Frank D. Luna\UPDATED\GameTimer.h">
      <Filter>luna</Filter>
    </ClInclude>
    <ClInclude Include="..\..\..\DirectX\DirectX 11\Frank D. Luna\UPDATED\GeometryGenerator.h">
      <Filter>luna</Filter>
    </ClInclude>
    <ClInclude Include="..\..\..\DirectX\DirectX 11\Frank D. Luna\UPDATED\LightHelper.h">
      <Filter>luna</Filter>
    </ClInclude>
    <ClInclude Include="..\..\..\DirectX\DirectX 11\Frank D. Luna\UPDATED\MathHelper.h">
      <Filter>luna</Filter>
    </ClInclude>
    <ClInclude Include="..\..\..\DirectX\DirectX 11\Frank D. Luna\UPDATED\ScreenGrab.h">
      <Filter>luna</Filter>
    </ClInclude>
    <ClInclude Include="..\..\..\DirectX\DirectX 11\Frank D. Luna\UPDATED\TextureMgr.h">
      <Filter>luna</Filter>
    </ClInclude>
    <ClInclude Include="src\Vertex.h">
      <Filter>luna</Filter>
    </ClInclude>
    <ClInclude Include="..\..\..\DirectX\DirectX 11\Frank D. Luna\UPDATED\Waves.h">
      <Filter>luna</Filter>
    </ClInclude>
    <ClInclude Include="src\Prototype1App.h">
      <Filter>src</Filter>
    </ClInclude>
    <ClInclude Include="src\RenderStates.h">
      <Filter>luna</Filter>
    </ClInclude>
    <ClInclude Include="src\OBJ_Loader.h">
      <Filter>objLoader</Filter>
    </ClInclude>
    <ClInclude Include="src\App_1.h">
      <Filter>src</Filter>
    </ClInclude>
    <ClInclude Include="src\Object.h">
      <Filter>src</Filter>
    </ClInclude>
  </ItemGroup>
  <ItemGroup>
    <CustomBuild Include="FX\Basic.fx">
      <Filter>fx</Filter>
    </CustomBuild>
    <CustomBuild Include="FX\Lighting.fx">
      <Filter>fx</Filter>
    </CustomBuild>
  </ItemGroup>
  <ItemGroup>
    <Image Include="Textures\darkbrick.bmp">
      <Filter>luna</Filter>
    </Image>
    <Image Include="Textures\darkbrickdxt1.dds">
      <Filter>luna</Filter>
    </Image>
  </ItemGroup>
  <ItemGroup>
    <Filter Include="src">
      <UniqueIdentifier>{ed2b3d91-6b71-4440-968e-a33bcb4944b2}</UniqueIdentifier>
    </Filter>
    <Filter Include="fx">
      <UniqueIdentifier>{25a57a6a-0f18-405d-afb0-db8cf1f664e0}</UniqueIdentifier>
    </Filter>
    <Filter Include="luna">
      <UniqueIdentifier>{5612ef25-a80b-4cbd-8932-11612fe71fd1}</UniqueIdentifier>
    </Filter>
    <Filter Include="objLoader">
      <UniqueIdentifier>{642bd650-6ae6-40b0-a7c9-3f0960667f31}</UniqueIdentifier>
    </Filter>
  </ItemGroup>
  <ItemGroup>
    <None Include="FX\LightHelper.fx">
      <Filter>fx</Filter>
    </None>
  </ItemGroup>
</Project>